
Microsoft Visual Studio Solution File, Format Version 12.00
# Visual Studio Version 18
VisualStudioVersion = 18.4.11605.240 stable
MinimumVisualStudioVersion = 10.0.40219.1
Project("{FAE04EC0-301F-11D3-BF4B-00C04F79EFBC}") = "RestWithAspNet10-Scaffold", "RestWithAspNet10-Scaffold.csproj", "{6E333796-2D45-C0E3-2F81-5C58ACA60F9C}"
EndProject
Global
	GlobalSection(SolutionConfigurationPlatforms) = preSolution
		Debug|Any CPU = Debug|Any CPU
		Release|Any CPU = Release|Any CPU
	EndGlobalSection
	GlobalSection(ProjectConfigurationPlatforms) = postSolution
		{6E333796-2D45-C0E3-2F81-5C58ACA60F9C}.Debug|Any CPU.ActiveCfg = Debug|Any CPU
		{6E333796-2D45-C0E3-2F81-5C58ACA60F9C}.Debug|Any CPU.Build.0 = Debug|Any CPU
		{6E333796-2D45-C0E3-2F81-5C58ACA60F9C}.Release|Any CPU.ActiveCfg = Release|Any CPU
		{6E333796-2D45-C0E3-2F81-5C58ACA60F9C}.Release|Any CPU.Build.0 = Release|Any CPU
	EndGlobalSection
	GlobalSection(SolutionProperties) = preSolution
		HideSolutionNode = FALSE
	EndGlobalSection
	GlobalSection(ExtensibilityGlobals) = postSolution
		SolutionGuid = {6A0F5F16-A972-4E05-A59D-710255836B18}
	EndGlobalSection
EndGlobal
