Microsoft Visual Studio Solution File, Format Version 12.00
# Visual Studio Version 17
VisualStudioVersion = 17.5.2.0
MinimumVisualStudioVersion = 10.0.40219.1
Project("{2150E333-8FDC-42A3-9474-1A3956D46DE8}") = "src", "src", "{827E0CD3-B72D-47B6-A68D-7590B98EB39B}"
EndProject
Project("{2150E333-8FDC-42A3-9474-1A3956D46DE8}") = "tests", "tests", "{0AB3BF05-4346-4AA6-1389-037BE0695223}"
EndProject
Project("{FAE04EC0-301F-11D3-BF4B-00C04F79EFBC}") = "RestWithAspNet10-Scaffold", "src\RestWithAspNet10-Scaffold\RestWithAspNet10-Scaffold.csproj", "{C6565F93-4A77-15A0-2140-D4C9C08BCF3A}"
EndProject
Project("{2150E333-8FDC-42A3-9474-1A3956D46DE8}") = "UnitTestAspNet", "UnitTestAspNet", "{E171B056-AF69-51C5-963D-8A34822CF655}"
EndProject
Project("{FAE04EC0-301F-11D3-BF4B-00C04F79EFBC}") = "RestWithAspNet10", "tests\UnitTestAspNet\RestWithAspNet10\RestWithAspNet10.csproj", "{D9E100C0-4887-E491-6215-AFCA9B5A44E2}"
EndProject
Global
	GlobalSection(SolutionConfigurationPlatforms) = preSolution
		Debug|Any CPU = Debug|Any CPU
		Release|Any CPU = Release|Any CPU
	EndGlobalSection
	GlobalSection(ProjectConfigurationPlatforms) = postSolution
		{C6565F93-4A77-15A0-2140-D4C9C08BCF3A}.Debug|Any CPU.ActiveCfg = Debug|Any CPU
		{C6565F93-4A77-15A0-2140-D4C9C08BCF3A}.Debug|Any CPU.Build.0 = Debug|Any CPU
		{C6565F93-4A77-15A0-2140-D4C9C08BCF3A}.Release|Any CPU.ActiveCfg = Release|Any CPU
		{C6565F93-4A77-15A0-2140-D4C9C08BCF3A}.Release|Any CPU.Build.0 = Release|Any CPU
		{D9E100C0-4887-E491-6215-AFCA9B5A44E2}.Debug|Any CPU.ActiveCfg = Debug|Any CPU
		{D9E100C0-4887-E491-6215-AFCA9B5A44E2}.Debug|Any CPU.Build.0 = Debug|Any CPU
		{D9E100C0-4887-E491-6215-AFCA9B5A44E2}.Release|Any CPU.ActiveCfg = Release|Any CPU
		{D9E100C0-4887-E491-6215-AFCA9B5A44E2}.Release|Any CPU.Build.0 = Release|Any CPU
	EndGlobalSection
	GlobalSection(SolutionProperties) = preSolution
		HideSolutionNode = FALSE
	EndGlobalSection
	GlobalSection(NestedProjects) = preSolution
		{C6565F93-4A77-15A0-2140-D4C9C08BCF3A} = {827E0CD3-B72D-47B6-A68D-7590B98EB39B}
		{E171B056-AF69-51C5-963D-8A34822CF655} = {0AB3BF05-4346-4AA6-1389-037BE0695223}
		{D9E100C0-4887-E491-6215-AFCA9B5A44E2} = {E171B056-AF69-51C5-963D-8A34822CF655}
	EndGlobalSection
	GlobalSection(ExtensibilityGlobals) = postSolution
		SolutionGuid = {14099EB4-D4D7-475D-A5FB-3140749711E1}
	EndGlobalSection
EndGlobal
